<?xml version="1.0" encoding="utf-8"?>
<Project ToolsVersion="4.0" xmlns="http://schemas.microsoft.com/developer/msbuild/2003">
  <ItemGroup>
    <Filter Include="Source Files">
      <UniqueIdentifier>{4FC737F1-C7A5-4376-A066-2A32D752A2FF}</UniqueIdentifier>
      <Extensions>cpp;c;cc;cxx;def;odl;idl;hpj;bat;asm;asmx</Extensions>
    </Filter>
    <Filter Include="Header Files">
      <UniqueIdentifier>{93995380-89BD-4b04-88EB-625FBE52EBFB}</UniqueIdentifier>
      <Extensions>h;hh;hpp;hxx;hm;inl;inc;xsd</Extensions>
    </Filter>
    <Filter Include="Header Files\lua53">
      <UniqueIdentifier>{3c83c7e9-2386-4e58-99db-00a7ab048992}</UniqueIdentifier>
    </Filter>
    <Filter Include="lau">
      <UniqueIdentifier>{c6b0f72f-02c8-4e5d-bab6-5022e4af108c}</UniqueIdentifier>
    </Filter>
    <Filter Include="Source Files\luabind">
      <UniqueIdentifier>{4d55fa3b-f4c2-4fa9-b53c-3db1aa578ab9}</UniqueIdentifier>
    </Filter>
  </ItemGroup>
  <ItemGroup>
    <ClCompile Include="main.cpp">
      <Filter>Source Files</Filter>
    </ClCompile>
    <ClCompile Include="source_hack.cpp">
      <Filter>Source Files</Filter>
    </ClCompile>
    <ClCompile Include="engines.cpp">
      <Filter>Source Files</Filter>
    </ClCompile>
    <ClCompile Include="sigscan.cpp">
      <Filter>Source Files</Filter>
    </ClCompile>
    <ClCompile Include="structures.cpp">
      <Filter>Source Files</Filter>
    </ClCompile>
    <ClCompile Include="matrix.cpp">
      <Filter>Source Files</Filter>
    </ClCompile>
    <ClCompile Include="drawing.cpp">
      <Filter>Source Files</Filter>
    </ClCompile>
    <ClCompile Include="math.cpp">
      <Filter>Source Files</Filter>
    </ClCompile>
    <ClCompile Include="exe_main.cpp">
      <Filter>Source Files</Filter>
    </ClCompile>
    <ClCompile Include="autowall.cpp">
      <Filter>Source Files</Filter>
    </ClCompile>
    <ClCompile Include="bones.cpp">
      <Filter>Source Files</Filter>
    </ClCompile>
    <ClCompile Include="lau\lau.cpp">
      <Filter>lau</Filter>
    </ClCompile>
    <ClCompile Include="luabind\luabind_angle.cpp">
      <Filter>Source Files\luabind</Filter>
    </ClCompile>
    <ClCompile Include="luabind\luabind_vector.cpp">
      <Filter>Source Files\luabind</Filter>
    </ClCompile>
    <ClCompile Include="luabind\luabind_global.cpp">
      <Filter>Source Files\luabind</Filter>
    </ClCompile>
    <ClCompile Include="luabind\luabindg_surface.cpp">
      <Filter>Source Files\luabind</Filter>
    </ClCompile>
  </ItemGroup>
  <ItemGroup>
    <ClInclude Include="vtable.h">
      <Filter>Header Files</Filter>
    </ClInclude>
    <ClInclude Include="structures.h">
      <Filter>Header Files</Filter>
    </ClInclude>
    <ClInclude Include="engines.h">
      <Filter>Header Files</Filter>
    </ClInclude>
    <ClInclude Include="matsystemsurface.h">
      <Filter>Header Files</Filter>
    </ClInclude>
    <ClInclude Include="color.h">
      <Filter>Header Files</Filter>
    </ClInclude>
    <ClInclude Include="matrix.h">
      <Filter>Header Files</Filter>
    </ClInclude>
    <ClInclude Include="panelwrapper.h">
      <Filter>Header Files</Filter>
    </ClInclude>
    <ClInclude Include="engineclient.h">
      <Filter>Header Files</Filter>
    </ClInclude>
    <ClInclude Include="cliententitylist.h">
      <Filter>Header Files</Filter>
    </ClInclude>
    <ClInclude Include="clientclass.h">
      <Filter>Header Files</Filter>
    </ClInclude>
    <ClInclude Include="entities.h">
      <Filter>Header Files</Filter>
    </ClInclude>
    <ClInclude Include="globals.h">
      <Filter>Header Files</Filter>
    </ClInclude>
    <ClInclude Include="vector.h">
      <Filter>Header Files</Filter>
    </ClInclude>
    <ClInclude Include="debugoverlay.h">
      <Filter>Header Files</Filter>
    </ClInclude>
    <ClInclude Include="usercmd.h">
      <Filter>Header Files</Filter>
    </ClInclude>
    <ClInclude Include="angle.h">
      <Filter>Header Files</Filter>
    </ClInclude>
    <ClInclude Include="prediction.h">
      <Filter>Header Files</Filter>
    </ClInclude>
    <ClInclude Include="drawing.h">
      <Filter>Header Files</Filter>
    </ClInclude>
    <ClInclude Include="math.h">
      <Filter>Header Files</Filter>
    </ClInclude>
    <ClInclude Include="offset.h">
      <Filter>Header Files</Filter>
    </ClInclude>
    <ClInclude Include="enginetrace.h">
      <Filter>Header Files</Filter>
    </ClInclude>
    <ClInclude Include="movehelper.h">
      <Filter>Header Files</Filter>
    </ClInclude>
    <ClInclude Include="gamemovement.h">
      <Filter>Header Files</Filter>
    </ClInclude>
    <ClInclude Include="gameevent.h">
      <Filter>Header Files</Filter>
    </ClInclude>
    <ClInclude Include="sprops.h">
      <Filter>Header Files</Filter>
    </ClInclude>
    <ClInclude Include="clienttools.h">
      <Filter>Header Files</Filter>
    </ClInclude>
    <ClInclude Include="..\lua53\lapi.h">
      <Filter>Header Files\lua53</Filter>
    </ClInclude>
    <ClInclude Include="..\lua53\lauxlib.h">
      <Filter>Header Files\lua53</Filter>
    </ClInclude>
    <ClInclude Include="..\lua53\lcode.h">
      <Filter>Header Files\lua53</Filter>
    </ClInclude>
    <ClInclude Include="..\lua53\lctype.h">
      <Filter>Header Files\lua53</Filter>
    </ClInclude>
    <ClInclude Include="..\lua53\ldebug.h">
      <Filter>Header Files\lua53</Filter>
    </ClInclude>
    <ClInclude Include="..\lua53\ldo.h">
      <Filter>Header Files\lua53</Filter>
    </ClInclude>
    <ClInclude Include="..\lua53\lfunc.h">
      <Filter>Header Files\lua53</Filter>
    </ClInclude>
    <ClInclude Include="..\lua53\lgc.h">
      <Filter>Header Files\lua53</Filter>
    </ClInclude>
    <ClInclude Include="..\lua53\llex.h">
      <Filter>Header Files\lua53</Filter>
    </ClInclude>
    <ClInclude Include="..\lua53\llimits.h">
      <Filter>Header Files\lua53</Filter>
    </ClInclude>
    <ClInclude Include="..\lua53\lmem.h">
      <Filter>Header Files\lua53</Filter>
    </ClInclude>
    <ClInclude Include="..\lua53\lobject.h">
      <Filter>Header Files\lua53</Filter>
    </ClInclude>
    <ClInclude Include="..\lua53\lopcodes.h">
      <Filter>Header Files\lua53</Filter>
    </ClInclude>
    <ClInclude Include="..\lua53\lparser.h">
      <Filter>Header Files\lua53</Filter>
    </ClInclude>
    <ClInclude Include="..\lua53\lprefix.h">
      <Filter>Header Files\lua53</Filter>
    </ClInclude>
    <ClInclude Include="..\lua53\lstate.h">
      <Filter>Header Files\lua53</Filter>
    </ClInclude>
    <ClInclude Include="..\lua53\lstring.h">
      <Filter>Header Files\lua53</Filter>
    </ClInclude>
    <ClInclude Include="..\lua53\ltable.h">
      <Filter>Header Files\lua53</Filter>
    </ClInclude>
    <ClInclude Include="..\lua53\ltm.h">
      <Filter>Header Files\lua53</Filter>
    </ClInclude>
    <ClInclude Include="..\lua53\lua.h">
      <Filter>Header Files\lua53</Filter>
    </ClInclude>
    <ClInclude Include="..\lua53\lua.hpp">
      <Filter>Header Files\lua53</Filter>
    </ClInclude>
    <ClInclude Include="..\lua53\luaconf.h">
      <Filter>Header Files\lua53</Filter>
    </ClInclude>
    <ClInclude Include="..\lua53\lualib.h">
      <Filter>Header Files\lua53</Filter>
    </ClInclude>
    <ClInclude Include="..\lua53\lundump.h">
      <Filter>Header Files\lua53</Filter>
    </ClInclude>
    <ClInclude Include="..\lua53\lvm.h">
      <Filter>Header Files\lua53</Filter>
    </ClInclude>
    <ClInclude Include="..\lua53\lzio.h">
      <Filter>Header Files\lua53</Filter>
    </ClInclude>
    <ClInclude Include="lau\lau.h">
      <Filter>lau</Filter>
    </ClInclude>
  </ItemGroup>
  <ItemGroup>
    <None Include="sigscan.h">
      <Filter>Header Files</Filter>
    </None>
  </ItemGroup>
</Project>